{
  "version": 4,
  "terraform_version": "1.8.2",
  "serial": 35,
  "lineage": "f5fe4791-eaa2-4478-4d59-bed824c1158e",
  "outputs": {},
  "resources": [
    {
      "module": "module.module_dev",
      "mode": "managed",
      "type": "azurerm_app_service",
      "name": "app1",
      "provider": "module.module_dev.provider[\"registry.terraform.io/hashicorp/azurerm\"]",
      "instances": [
        {
          "schema_version": 0,
          "attributes": {
            "app_service_plan_id": "/subscriptions/3229d325-9b1c-49f8-9601-4b44109c0d1f/resourceGroups/dev-rg-2024/providers/Microsoft.Web/serverFarms/dev-api-appserviceplan-pro",
            "app_settings": {
              "WEBSITE_NODE_DEFAULT_VERSION": "6.9.1"
            },
            "auth_settings": [
              {
                "active_directory": [],
                "additional_login_params": {},
                "allowed_external_redirect_urls": [],
                "default_provider": "",
                "enabled": false,
                "facebook": [],
                "google": [],
                "issuer": "",
                "microsoft": [],
                "runtime_version": "",
                "token_refresh_extension_hours": 0,
                "token_store_enabled": false,
                "twitter": [],
                "unauthenticated_client_action": ""
              }
            ],
            "backup": [],
            "client_affinity_enabled": false,
            "client_cert_enabled": false,
            "client_cert_mode": "Required",
            "connection_string": [],
            "custom_domain_verification_id": "7FB5A2201DFC158FCB753E68F049AAB13764769AA47D76A30247496BB22988BC",
            "default_site_hostname": "dev-app1-2024.azurewebsites.net",
            "enabled": true,
            "https_only": true,
            "id": "/subscriptions/3229d325-9b1c-49f8-9601-4b44109c0d1f/resourceGroups/dev-rg-2024/providers/Microsoft.Web/sites/dev-app1-2024",
            "identity": [],
            "key_vault_reference_identity_id": "SystemAssigned",
            "location": "eastus",
            "logs": [
              {
                "application_logs": [
                  {
                    "azure_blob_storage": [],
                    "file_system_level": "Off"
                  }
                ],
                "detailed_error_messages_enabled": false,
                "failed_request_tracing_enabled": false,
                "http_logs": [
                  {
                    "azure_blob_storage": [],
                    "file_system": []
                  }
                ]
              }
            ],
            "name": "dev-app1-2024",
            "outbound_ip_address_list": [
              "20.102.2.120",
              "20.253.36.200",
              "20.253.36.51",
              "20.253.36.60",
              "20.253.36.61",
              "20.253.36.82",
              "20.253.37.37",
              "20.253.37.41",
              "20.253.37.52",
              "20.253.37.53",
              "20.253.36.4",
              "20.253.37.60",
              "20.253.37.61",
              "20.253.37.106",
              "20.253.37.107",
              "20.253.37.108",
              "20.253.37.109",
              "20.253.37.112",
              "20.119.8.47"
            ],
            "outbound_ip_addresses": "20.102.2.120,20.253.36.200,20.253.36.51,20.253.36.60,20.253.36.61,20.253.36.82,20.253.37.37,20.253.37.41,20.253.37.52,20.253.37.53,20.253.36.4,20.253.37.60,20.253.37.61,20.253.37.106,20.253.37.107,20.253.37.108,20.253.37.109,20.253.37.112,20.119.8.47",
            "possible_outbound_ip_address_list": [
              "20.102.2.120",
              "20.253.36.200",
              "20.253.36.51",
              "20.253.36.60",
              "20.253.36.61",
              "20.253.36.82",
              "20.253.37.37",
              "20.253.37.41",
              "20.253.37.52",
              "20.253.37.53",
              "20.253.36.4",
              "20.253.37.60",
              "20.253.37.61",
              "20.253.37.106",
              "20.253.37.107",
              "20.253.37.108",
              "20.253.37.109",
              "20.253.37.112",
              "20.253.36.83",
              "20.253.36.98",
              "20.253.36.99",
              "20.253.36.209",
              "20.253.36.212",
              "20.253.36.213",
              "20.253.36.226",
              "20.253.36.230",
              "20.253.36.231",
              "20.253.36.250",
              "20.253.36.251",
              "20.253.37.4",
              "20.253.37.5",
              "20.253.37.8",
              "20.253.37.9",
              "20.253.37.22",
              "20.253.37.23",
              "20.253.37.36",
              "20.253.37.37",
              "20.253.37.41",
              "20.253.37.52",
              "20.253.37.53",
              "20.253.36.4",
              "20.253.37.60",
              "20.253.37.61",
              "20.253.37.106",
              "20.253.37.107",
              "20.253.37.108",
              "20.253.37.109",
              "20.253.37.112",
              "20.253.37.113",
              "20.253.36.24",
              "20.253.37.118",
              "20.253.37.119",
              "20.253.37.124",
              "20.253.37.181",
              "20.119.8.47"
            ],
            "possible_outbound_ip_addresses": "20.102.2.120,20.253.36.200,20.253.36.51,20.253.36.60,20.253.36.61,20.253.36.82,20.253.37.37,20.253.37.41,20.253.37.52,20.253.37.53,20.253.36.4,20.253.37.60,20.253.37.61,20.253.37.106,20.253.37.107,20.253.37.108,20.253.37.109,20.253.37.112,20.253.36.83,20.253.36.98,20.253.36.99,20.253.36.209,20.253.36.212,20.253.36.213,20.253.36.226,20.253.36.230,20.253.36.231,20.253.36.250,20.253.36.251,20.253.37.4,20.253.37.5,20.253.37.8,20.253.37.9,20.253.37.22,20.253.37.23,20.253.37.36,20.253.37.37,20.253.37.41,20.253.37.52,20.253.37.53,20.253.36.4,20.253.37.60,20.253.37.61,20.253.37.106,20.253.37.107,20.253.37.108,20.253.37.109,20.253.37.112,20.253.37.113,20.253.36.24,20.253.37.118,20.253.37.119,20.253.37.124,20.253.37.181,20.119.8.47",
            "resource_group_name": "dev-rg-2024",
            "site_config": [
              {
                "acr_use_managed_identity_credentials": false,
                "acr_user_managed_identity_client_id": "",
                "always_on": true,
                "app_command_line": "",
                "auto_swap_slot_name": "",
                "cors": [
                  {
                    "allowed_origins": [],
                    "support_credentials": false
                  }
                ],
                "default_documents": null,
                "dotnet_framework_version": "v4.0",
                "ftps_state": "FtpsOnly",
                "health_check_path": "",
                "http2_enabled": false,
                "ip_restriction": [
                  {
                    "action": "Allow",
                    "headers": [],
                    "ip_address": "",
                    "name": "",
                    "priority": 65000,
                    "service_tag": "",
                    "virtual_network_subnet_id": "/subscriptions/3229d325-9b1c-49f8-9601-4b44109c0d1f/resourceGroups/dev-rg-2024/providers/Microsoft.Network/virtualNetworks/dev-vnet-2024/subnets/dev-subnet-2024"
                  }
                ],
                "java_container": "",
                "java_container_version": "",
                "java_version": "",
                "linux_fx_version": "",
                "local_mysql_enabled": false,
                "managed_pipeline_mode": "Integrated",
                "min_tls_version": "1.2",
                "number_of_workers": 1,
                "php_version": "",
                "python_version": "",
                "remote_debugging_enabled": false,
                "remote_debugging_version": "VS2019",
                "scm_ip_restriction": [],
                "scm_type": "None",
                "scm_use_main_ip_restriction": false,
                "use_32_bit_worker_process": false,
                "vnet_route_all_enabled": false,
                "websockets_enabled": false,
                "windows_fx_version": ""
              }
            ],
            "site_credential": [
              {
                "password": "b0TFcHPBlXhWJdhSRK7vRqrM6vEXdPGcu6EqQrK0JqxSi4lPApy8nHubnwkv",
                "username": "$dev-app1-2024"
              }
            ],
            "source_control": [
              {
                "branch": "main",
                "manual_integration": false,
                "repo_url": "",
                "rollback_enabled": false,
                "use_mercurial": false
              }
            ],
            "storage_account": [],
            "tags": null,
            "timeouts": null
          },
          "sensitive_attributes": [],
          "private": "eyJlMmJmYjczMC1lY2FhLTExZTYtOGY4OC0zNDM2M2JjN2M0YzAiOnsiY3JlYXRlIjoxODAwMDAwMDAwMDAwLCJkZWxldGUiOjE4MDAwMDAwMDAwMDAsInJlYWQiOjMwMDAwMDAwMDAwMCwidXBkYXRlIjoxODAwMDAwMDAwMDAwfX0=",
          "dependencies": [
            "module.module_dev.azurerm_app_service_plan.asp1",
            "module.module_dev.azurerm_resource_group.rg1",
            "module.module_dev.azurerm_subnet.example",
            "module.module_dev.azurerm_virtual_network.example"
          ]
        }
      ]
    },
    {
      "module": "module.module_dev",
      "mode": "managed",
      "type": "azurerm_app_service_plan",
      "name": "asp1",
      "provider": "module.module_dev.provider[\"registry.terraform.io/hashicorp/azurerm\"]",
      "instances": [
        {
          "schema_version": 1,
          "attributes": {
            "app_service_environment_id": "",
            "id": "/subscriptions/3229d325-9b1c-49f8-9601-4b44109c0d1f/resourceGroups/dev-rg-2024/providers/Microsoft.Web/serverFarms/dev-api-appserviceplan-pro",
            "is_xenon": false,
            "kind": "Windows",
            "location": "eastus",
            "maximum_elastic_worker_count": 1,
            "maximum_number_of_workers": 10,
            "name": "dev-api-appserviceplan-pro",
            "per_site_scaling": false,
            "reserved": false,
            "resource_group_name": "dev-rg-2024",
            "sku": [
              {
                "capacity": 1,
                "size": "S1",
                "tier": "Standard"
              }
            ],
            "tags": null,
            "timeouts": null,
            "zone_redundant": false
          },
          "sensitive_attributes": [],
          "private": "eyJlMmJmYjczMC1lY2FhLTExZTYtOGY4OC0zNDM2M2JjN2M0YzAiOnsiY3JlYXRlIjozNjAwMDAwMDAwMDAwLCJkZWxldGUiOjM2MDAwMDAwMDAwMDAsInJlYWQiOjMwMDAwMDAwMDAwMCwidXBkYXRlIjozNjAwMDAwMDAwMDAwfSwic2NoZW1hX3ZlcnNpb24iOiIxIn0=",
          "dependencies": [
            "module.module_dev.azurerm_resource_group.rg1"
          ]
        }
      ]
    },
    {
      "module": "module.module_dev",
      "mode": "managed",
      "type": "azurerm_app_service_slot",
      "name": "appslot",
      "provider": "module.module_dev.provider[\"registry.terraform.io/hashicorp/azurerm\"]",
      "instances": [
        {
          "schema_version": 0,
          "attributes": {
            "app_service_name": "dev-app1-2024",
            "app_service_plan_id": "/subscriptions/3229d325-9b1c-49f8-9601-4b44109c0d1f/resourceGroups/dev-rg-2024/providers/Microsoft.Web/serverFarms/dev-api-appserviceplan-pro",
            "app_settings": {
              "WEBSITE_NODE_DEFAULT_VERSION": "6.9.1"
            },
            "auth_settings": [
              {
                "active_directory": [],
                "additional_login_params": {},
                "allowed_external_redirect_urls": [],
                "default_provider": "",
                "enabled": false,
                "facebook": [],
                "google": [],
                "issuer": "",
                "microsoft": [],
                "runtime_version": "",
                "token_refresh_extension_hours": 0,
                "token_store_enabled": false,
                "twitter": [],
                "unauthenticated_client_action": ""
              }
            ],
            "client_affinity_enabled": false,
            "connection_string": [],
            "default_site_hostname": "dev-app1-2024-dev-slot-2024.azurewebsites.net",
            "enabled": true,
            "https_only": false,
            "id": "/subscriptions/3229d325-9b1c-49f8-9601-4b44109c0d1f/resourceGroups/dev-rg-2024/providers/Microsoft.Web/sites/dev-app1-2024/slots/dev-slot-2024",
            "identity": [],
            "key_vault_reference_identity_id": "SystemAssigned",
            "location": "eastus",
            "logs": [
              {
                "application_logs": [
                  {
                    "azure_blob_storage": [],
                    "file_system_level": "Off"
                  }
                ],
                "detailed_error_messages_enabled": false,
                "failed_request_tracing_enabled": false,
                "http_logs": [
                  {
                    "azure_blob_storage": [],
                    "file_system": []
                  }
                ]
              }
            ],
            "name": "dev-slot-2024",
            "resource_group_name": "dev-rg-2024",
            "site_config": [
              {
                "acr_use_managed_identity_credentials": false,
                "acr_user_managed_identity_client_id": "",
                "always_on": false,
                "app_command_line": "",
                "auto_swap_slot_name": "",
                "cors": [],
                "default_documents": [
                  "Default.htm",
                  "Default.html",
                  "Default.asp",
                  "index.htm",
                  "index.html",
                  "iisstart.htm",
                  "default.aspx",
                  "index.php",
                  "hostingstart.html"
                ],
                "dotnet_framework_version": "v4.0",
                "ftps_state": "FtpsOnly",
                "health_check_path": "",
                "http2_enabled": false,
                "ip_restriction": [],
                "java_container": "",
                "java_container_version": "",
                "java_version": "",
                "linux_fx_version": "",
                "local_mysql_enabled": false,
                "managed_pipeline_mode": "Integrated",
                "min_tls_version": "1.2",
                "number_of_workers": 1,
                "php_version": "5.6",
                "python_version": "",
                "remote_debugging_enabled": false,
                "remote_debugging_version": "",
                "scm_ip_restriction": [],
                "scm_type": "None",
                "scm_use_main_ip_restriction": false,
                "use_32_bit_worker_process": true,
                "vnet_route_all_enabled": false,
                "websockets_enabled": false,
                "windows_fx_version": ""
              }
            ],
            "site_credential": [
              {
                "password": "oZTqB1xtHJe4Cx6FwpYgj9dN9RQdlPgNYJHKllHFygZcgBygfANtqkcqyjXQ",
                "username": "$dev-app1-2024__dev-slot-2024"
              }
            ],
            "storage_account": [],
            "tags": null,
            "timeouts": null
          },
          "sensitive_attributes": [],
          "private": "eyJlMmJmYjczMC1lY2FhLTExZTYtOGY4OC0zNDM2M2JjN2M0YzAiOnsiY3JlYXRlIjoxODAwMDAwMDAwMDAwLCJkZWxldGUiOjE4MDAwMDAwMDAwMDAsInJlYWQiOjMwMDAwMDAwMDAwMCwidXBkYXRlIjoxODAwMDAwMDAwMDAwfX0=",
          "dependencies": [
            "module.module_dev.azurerm_app_service.app1",
            "module.module_dev.azurerm_app_service_plan.asp1",
            "module.module_dev.azurerm_resource_group.rg1",
            "module.module_dev.azurerm_subnet.example",
            "module.module_dev.azurerm_virtual_network.example"
          ]
        }
      ]
    },
    {
      "module": "module.module_dev",
      "mode": "managed",
      "type": "azurerm_app_service_slot_virtual_network_swift_connection",
      "name": "example",
      "provider": "module.module_dev.provider[\"registry.terraform.io/hashicorp/azurerm\"]",
      "instances": [
        {
          "schema_version": 0,
          "attributes": {
            "app_service_id": "/subscriptions/3229d325-9b1c-49f8-9601-4b44109c0d1f/resourceGroups/dev-rg-2024/providers/Microsoft.Web/sites/dev-app1-2024",
            "id": "/subscriptions/3229d325-9b1c-49f8-9601-4b44109c0d1f/resourceGroups/dev-rg-2024/providers/Microsoft.Web/sites/dev-app1-2024/slots/dev-slot-2024/config/virtualNetwork",
            "slot_name": "dev-slot-2024",
            "subnet_id": "/subscriptions/3229d325-9b1c-49f8-9601-4b44109c0d1f/resourceGroups/dev-rg-2024/providers/Microsoft.Network/virtualNetworks/dev-vnet-2024/subnets/dev-subnet-2024",
            "timeouts": null
          },
          "sensitive_attributes": [],
          "private": "eyJlMmJmYjczMC1lY2FhLTExZTYtOGY4OC0zNDM2M2JjN2M0YzAiOnsiY3JlYXRlIjoxODAwMDAwMDAwMDAwLCJkZWxldGUiOjE4MDAwMDAwMDAwMDAsInJlYWQiOjMwMDAwMDAwMDAwMCwidXBkYXRlIjoxODAwMDAwMDAwMDAwfX0=",
          "dependencies": [
            "module.module_dev.azurerm_app_service.app1",
            "module.module_dev.azurerm_app_service_plan.asp1",
            "module.module_dev.azurerm_app_service_slot.appslot",
            "module.module_dev.azurerm_resource_group.rg1",
            "module.module_dev.azurerm_subnet.example",
            "module.module_dev.azurerm_virtual_network.example"
          ]
        }
      ]
    },
    {
      "module": "module.module_dev",
      "mode": "managed",
      "type": "azurerm_resource_group",
      "name": "rg1",
      "provider": "module.module_dev.provider[\"registry.terraform.io/hashicorp/azurerm\"]",
      "instances": [
        {
          "schema_version": 0,
          "attributes": {
            "id": "/subscriptions/3229d325-9b1c-49f8-9601-4b44109c0d1f/resourceGroups/dev-rg-2024",
            "location": "eastus",
            "managed_by": "",
            "name": "dev-rg-2024",
            "tags": null,
            "timeouts": null
          },
          "sensitive_attributes": [],
          "private": "eyJlMmJmYjczMC1lY2FhLTExZTYtOGY4OC0zNDM2M2JjN2M0YzAiOnsiY3JlYXRlIjo1NDAwMDAwMDAwMDAwLCJkZWxldGUiOjU0MDAwMDAwMDAwMDAsInJlYWQiOjMwMDAwMDAwMDAwMCwidXBkYXRlIjo1NDAwMDAwMDAwMDAwfX0="
        }
      ]
    },
    {
      "module": "module.module_dev",
      "mode": "managed",
      "type": "azurerm_subnet",
      "name": "example",
      "provider": "module.module_dev.provider[\"registry.terraform.io/hashicorp/azurerm\"]",
      "instances": [
        {
          "schema_version": 0,
          "attributes": {
            "address_prefixes": [
              "10.0.1.0/24"
            ],
            "delegation": [
              {
                "name": "AppServiceDelegation",
                "service_delegation": [
                  {
                    "actions": [
                      "Microsoft.Network/virtualNetworks/subnets/action"
                    ],
                    "name": "Microsoft.Web/serverFarms"
                  }
                ]
              }
            ],
            "enforce_private_link_endpoint_network_policies": false,
            "enforce_private_link_service_network_policies": false,
            "id": "/subscriptions/3229d325-9b1c-49f8-9601-4b44109c0d1f/resourceGroups/dev-rg-2024/providers/Microsoft.Network/virtualNetworks/dev-vnet-2024/subnets/dev-subnet-2024",
            "name": "dev-subnet-2024",
            "private_endpoint_network_policies_enabled": true,
            "private_link_service_network_policies_enabled": true,
            "resource_group_name": "dev-rg-2024",
            "service_endpoint_policy_ids": null,
            "service_endpoints": [
              "Microsoft.Web"
            ],
            "timeouts": null,
            "virtual_network_name": "dev-vnet-2024"
          },
          "sensitive_attributes": [],
          "private": "eyJlMmJmYjczMC1lY2FhLTExZTYtOGY4OC0zNDM2M2JjN2M0YzAiOnsiY3JlYXRlIjoxODAwMDAwMDAwMDAwLCJkZWxldGUiOjE4MDAwMDAwMDAwMDAsInJlYWQiOjMwMDAwMDAwMDAwMCwidXBkYXRlIjoxODAwMDAwMDAwMDAwfX0=",
          "dependencies": [
            "module.module_dev.azurerm_resource_group.rg1",
            "module.module_dev.azurerm_virtual_network.example"
          ]
        }
      ]
    },
    {
      "module": "module.module_dev",
      "mode": "managed",
      "type": "azurerm_virtual_network",
      "name": "example",
      "provider": "module.module_dev.provider[\"registry.terraform.io/hashicorp/azurerm\"]",
      "instances": [
        {
          "schema_version": 0,
          "attributes": {
            "address_space": [
              "10.0.0.0/16"
            ],
            "bgp_community": "",
            "ddos_protection_plan": [],
            "dns_servers": [],
            "edge_zone": "",
            "encryption": [],
            "flow_timeout_in_minutes": 0,
            "guid": "a18fefc1-acb9-4a37-8c7e-c6c3bfab99dd",
            "id": "/subscriptions/3229d325-9b1c-49f8-9601-4b44109c0d1f/resourceGroups/dev-rg-2024/providers/Microsoft.Network/virtualNetworks/dev-vnet-2024",
            "location": "eastus",
            "name": "dev-vnet-2024",
            "resource_group_name": "dev-rg-2024",
            "subnet": [],
            "tags": null,
            "timeouts": null
          },
          "sensitive_attributes": [],
          "private": "eyJlMmJmYjczMC1lY2FhLTExZTYtOGY4OC0zNDM2M2JjN2M0YzAiOnsiY3JlYXRlIjoxODAwMDAwMDAwMDAwLCJkZWxldGUiOjE4MDAwMDAwMDAwMDAsInJlYWQiOjMwMDAwMDAwMDAwMCwidXBkYXRlIjoxODAwMDAwMDAwMDAwfX0=",
          "dependencies": [
            "module.module_dev.azurerm_resource_group.rg1"
          ]
        }
      ]
    },
    {
      "module": "module.module_prod",
      "mode": "managed",
      "type": "azurerm_app_service",
      "name": "app1",
      "provider": "module.module_prod.provider[\"registry.terraform.io/hashicorp/azurerm\"]",
      "instances": [
        {
          "schema_version": 0,
          "attributes": {
            "app_service_plan_id": "/subscriptions/3229d325-9b1c-49f8-9601-4b44109c0d1f/resourceGroups/rg-2024/providers/Microsoft.Web/serverFarms/api-appserviceplan-pro",
            "app_settings": {
              "WEBSITE_NODE_DEFAULT_VERSION": "6.9.1"
            },
            "auth_settings": [
              {
                "active_directory": [],
                "additional_login_params": {},
                "allowed_external_redirect_urls": [],
                "default_provider": "",
                "enabled": false,
                "facebook": [],
                "google": [],
                "issuer": "",
                "microsoft": [],
                "runtime_version": "",
                "token_refresh_extension_hours": 0,
                "token_store_enabled": false,
                "twitter": [],
                "unauthenticated_client_action": ""
              }
            ],
            "backup": [],
            "client_affinity_enabled": false,
            "client_cert_enabled": false,
            "client_cert_mode": "Required",
            "connection_string": [],
            "custom_domain_verification_id": "7FB5A2201DFC158FCB753E68F049AAB13764769AA47D76A30247496BB22988BC",
            "default_site_hostname": "app1-2024.azurewebsites.net",
            "enabled": true,
            "https_only": true,
            "id": "/subscriptions/3229d325-9b1c-49f8-9601-4b44109c0d1f/resourceGroups/rg-2024/providers/Microsoft.Web/sites/app1-2024",
            "identity": [],
            "key_vault_reference_identity_id": "SystemAssigned",
            "location": "eastus",
            "logs": [
              {
                "application_logs": [
                  {
                    "azure_blob_storage": [],
                    "file_system_level": "Off"
                  }
                ],
                "detailed_error_messages_enabled": false,
                "failed_request_tracing_enabled": false,
                "http_logs": [
                  {
                    "azure_blob_storage": [],
                    "file_system": []
                  }
                ]
              }
            ],
            "name": "app1-2024",
            "outbound_ip_address_list": [
              "20.232.255.97",
              "20.232.255.240",
              "20.242.248.14",
              "20.242.248.31",
              "20.242.248.34",
              "20.242.248.62",
              "20.119.16.37"
            ],
            "outbound_ip_addresses": "20.232.255.97,20.232.255.240,20.242.248.14,20.242.248.31,20.242.248.34,20.242.248.62,20.119.16.37",
            "possible_outbound_ip_address_list": [
              "20.232.255.97",
              "20.232.255.240",
              "20.242.248.14",
              "20.242.248.31",
              "20.242.248.34",
              "20.242.248.62",
              "20.242.248.98",
              "20.242.248.108",
              "20.242.248.126",
              "20.242.248.167",
              "20.242.248.182",
              "20.242.249.12",
              "20.242.249.30",
              "20.242.249.115",
              "20.242.249.121",
              "20.242.249.140",
              "20.242.249.143",
              "20.242.249.194",
              "20.242.249.197",
              "20.242.250.13",
              "20.242.250.41",
              "20.242.250.44",
              "20.242.250.46",
              "20.242.250.73",
              "20.242.250.98",
              "20.242.250.130",
              "20.242.250.138",
              "20.242.250.154",
              "20.242.250.172",
              "20.242.250.175",
              "20.119.16.37"
            ],
            "possible_outbound_ip_addresses": "20.232.255.97,20.232.255.240,20.242.248.14,20.242.248.31,20.242.248.34,20.242.248.62,20.242.248.98,20.242.248.108,20.242.248.126,20.242.248.167,20.242.248.182,20.242.249.12,20.242.249.30,20.242.249.115,20.242.249.121,20.242.249.140,20.242.249.143,20.242.249.194,20.242.249.197,20.242.250.13,20.242.250.41,20.242.250.44,20.242.250.46,20.242.250.73,20.242.250.98,20.242.250.130,20.242.250.138,20.242.250.154,20.242.250.172,20.242.250.175,20.119.16.37",
            "resource_group_name": "rg-2024",
            "site_config": [
              {
                "acr_use_managed_identity_credentials": false,
                "acr_user_managed_identity_client_id": "",
                "always_on": true,
                "app_command_line": "",
                "auto_swap_slot_name": "",
                "cors": [
                  {
                    "allowed_origins": [],
                    "support_credentials": false
                  }
                ],
                "default_documents": null,
                "dotnet_framework_version": "v4.0",
                "ftps_state": "FtpsOnly",
                "health_check_path": "",
                "http2_enabled": false,
                "ip_restriction": [
                  {
                    "action": "Allow",
                    "headers": [],
                    "ip_address": "",
                    "name": "",
                    "priority": 65000,
                    "service_tag": "",
                    "virtual_network_subnet_id": "/subscriptions/3229d325-9b1c-49f8-9601-4b44109c0d1f/resourceGroups/rg-2024/providers/Microsoft.Network/virtualNetworks/vnet-2024/subnets/subnet-2024"
                  }
                ],
                "java_container": "",
                "java_container_version": "",
                "java_version": "",
                "linux_fx_version": "",
                "local_mysql_enabled": false,
                "managed_pipeline_mode": "Integrated",
                "min_tls_version": "1.2",
                "number_of_workers": 1,
                "php_version": "",
                "python_version": "",
                "remote_debugging_enabled": false,
                "remote_debugging_version": "VS2019",
                "scm_ip_restriction": [],
                "scm_type": "None",
                "scm_use_main_ip_restriction": false,
                "use_32_bit_worker_process": false,
                "vnet_route_all_enabled": false,
                "websockets_enabled": false,
                "windows_fx_version": ""
              }
            ],
            "site_credential": [
              {
                "password": "XliQeEN9PesD2ZfCpw1igraDDbrKFfKbCRTYniB9mmmCRy8kC0PPkyDroaC7",
                "username": "$app1-2024"
              }
            ],
            "source_control": [
              {
                "branch": "main",
                "manual_integration": false,
                "repo_url": "",
                "rollback_enabled": false,
                "use_mercurial": false
              }
            ],
            "storage_account": [],
            "tags": null,
            "timeouts": null
          },
          "sensitive_attributes": [],
          "private": "eyJlMmJmYjczMC1lY2FhLTExZTYtOGY4OC0zNDM2M2JjN2M0YzAiOnsiY3JlYXRlIjoxODAwMDAwMDAwMDAwLCJkZWxldGUiOjE4MDAwMDAwMDAwMDAsInJlYWQiOjMwMDAwMDAwMDAwMCwidXBkYXRlIjoxODAwMDAwMDAwMDAwfX0=",
          "dependencies": [
            "module.module_prod.azurerm_app_service_plan.asp1",
            "module.module_prod.azurerm_resource_group.rg1",
            "module.module_prod.azurerm_subnet.example",
            "module.module_prod.azurerm_virtual_network.example"
          ]
        }
      ]
    },
    {
      "module": "module.module_prod",
      "mode": "managed",
      "type": "azurerm_app_service_plan",
      "name": "asp1",
      "provider": "module.module_prod.provider[\"registry.terraform.io/hashicorp/azurerm\"]",
      "instances": [
        {
          "schema_version": 1,
          "attributes": {
            "app_service_environment_id": "",
            "id": "/subscriptions/3229d325-9b1c-49f8-9601-4b44109c0d1f/resourceGroups/rg-2024/providers/Microsoft.Web/serverFarms/api-appserviceplan-pro",
            "is_xenon": false,
            "kind": "Windows",
            "location": "eastus",
            "maximum_elastic_worker_count": 1,
            "maximum_number_of_workers": 10,
            "name": "api-appserviceplan-pro",
            "per_site_scaling": false,
            "reserved": false,
            "resource_group_name": "rg-2024",
            "sku": [
              {
                "capacity": 1,
                "size": "S1",
                "tier": "Standard"
              }
            ],
            "tags": null,
            "timeouts": null,
            "zone_redundant": false
          },
          "sensitive_attributes": [],
          "private": "eyJlMmJmYjczMC1lY2FhLTExZTYtOGY4OC0zNDM2M2JjN2M0YzAiOnsiY3JlYXRlIjozNjAwMDAwMDAwMDAwLCJkZWxldGUiOjM2MDAwMDAwMDAwMDAsInJlYWQiOjMwMDAwMDAwMDAwMCwidXBkYXRlIjozNjAwMDAwMDAwMDAwfSwic2NoZW1hX3ZlcnNpb24iOiIxIn0=",
          "dependencies": [
            "module.module_prod.azurerm_resource_group.rg1"
          ]
        }
      ]
    },
    {
      "module": "module.module_prod",
      "mode": "managed",
      "type": "azurerm_app_service_slot",
      "name": "appslot",
      "provider": "module.module_prod.provider[\"registry.terraform.io/hashicorp/azurerm\"]",
      "instances": [
        {
          "schema_version": 0,
          "attributes": {
            "app_service_name": "app1-2024",
            "app_service_plan_id": "/subscriptions/3229d325-9b1c-49f8-9601-4b44109c0d1f/resourceGroups/rg-2024/providers/Microsoft.Web/serverFarms/api-appserviceplan-pro",
            "app_settings": {
              "WEBSITE_NODE_DEFAULT_VERSION": "6.9.1"
            },
            "auth_settings": [
              {
                "active_directory": [],
                "additional_login_params": {},
                "allowed_external_redirect_urls": [],
                "default_provider": "",
                "enabled": false,
                "facebook": [],
                "google": [],
                "issuer": "",
                "microsoft": [],
                "runtime_version": "",
                "token_refresh_extension_hours": 0,
                "token_store_enabled": false,
                "twitter": [],
                "unauthenticated_client_action": ""
              }
            ],
            "client_affinity_enabled": false,
            "connection_string": [],
            "default_site_hostname": "app1-2024-slot-2024.azurewebsites.net",
            "enabled": true,
            "https_only": false,
            "id": "/subscriptions/3229d325-9b1c-49f8-9601-4b44109c0d1f/resourceGroups/rg-2024/providers/Microsoft.Web/sites/app1-2024/slots/slot-2024",
            "identity": [],
            "key_vault_reference_identity_id": "SystemAssigned",
            "location": "eastus",
            "logs": [
              {
                "application_logs": [
                  {
                    "azure_blob_storage": [],
                    "file_system_level": "Off"
                  }
                ],
                "detailed_error_messages_enabled": false,
                "failed_request_tracing_enabled": false,
                "http_logs": [
                  {
                    "azure_blob_storage": [],
                    "file_system": []
                  }
                ]
              }
            ],
            "name": "slot-2024",
            "resource_group_name": "rg-2024",
            "site_config": [
              {
                "acr_use_managed_identity_credentials": false,
                "acr_user_managed_identity_client_id": "",
                "always_on": false,
                "app_command_line": "",
                "auto_swap_slot_name": "",
                "cors": [],
                "default_documents": [
                  "Default.htm",
                  "Default.html",
                  "Default.asp",
                  "index.htm",
                  "index.html",
                  "iisstart.htm",
                  "default.aspx",
                  "index.php",
                  "hostingstart.html"
                ],
                "dotnet_framework_version": "v4.0",
                "ftps_state": "FtpsOnly",
                "health_check_path": "",
                "http2_enabled": false,
                "ip_restriction": [],
                "java_container": "",
                "java_container_version": "",
                "java_version": "",
                "linux_fx_version": "",
                "local_mysql_enabled": false,
                "managed_pipeline_mode": "Integrated",
                "min_tls_version": "1.2",
                "number_of_workers": 1,
                "php_version": "5.6",
                "python_version": "",
                "remote_debugging_enabled": false,
                "remote_debugging_version": "",
                "scm_ip_restriction": [],
                "scm_type": "None",
                "scm_use_main_ip_restriction": false,
                "use_32_bit_worker_process": true,
                "vnet_route_all_enabled": false,
                "websockets_enabled": false,
                "windows_fx_version": ""
              }
            ],
            "site_credential": [
              {
                "password": "BnK7xMjg6Gpbt4PT99MxZMjpohvz7SDFuJNZj7w1zYGRm5RbN2hbvamxeqsR",
                "username": "$app1-2024__slot-2024"
              }
            ],
            "storage_account": [],
            "tags": null,
            "timeouts": null
          },
          "sensitive_attributes": [],
          "private": "eyJlMmJmYjczMC1lY2FhLTExZTYtOGY4OC0zNDM2M2JjN2M0YzAiOnsiY3JlYXRlIjoxODAwMDAwMDAwMDAwLCJkZWxldGUiOjE4MDAwMDAwMDAwMDAsInJlYWQiOjMwMDAwMDAwMDAwMCwidXBkYXRlIjoxODAwMDAwMDAwMDAwfX0=",
          "dependencies": [
            "module.module_prod.azurerm_app_service.app1",
            "module.module_prod.azurerm_app_service_plan.asp1",
            "module.module_prod.azurerm_resource_group.rg1",
            "module.module_prod.azurerm_subnet.example",
            "module.module_prod.azurerm_virtual_network.example"
          ]
        }
      ]
    },
    {
      "module": "module.module_prod",
      "mode": "managed",
      "type": "azurerm_app_service_slot_virtual_network_swift_connection",
      "name": "example",
      "provider": "module.module_prod.provider[\"registry.terraform.io/hashicorp/azurerm\"]",
      "instances": [
        {
          "schema_version": 0,
          "attributes": {
            "app_service_id": "/subscriptions/3229d325-9b1c-49f8-9601-4b44109c0d1f/resourceGroups/rg-2024/providers/Microsoft.Web/sites/app1-2024",
            "id": "/subscriptions/3229d325-9b1c-49f8-9601-4b44109c0d1f/resourceGroups/rg-2024/providers/Microsoft.Web/sites/app1-2024/slots/slot-2024/config/virtualNetwork",
            "slot_name": "slot-2024",
            "subnet_id": "/subscriptions/3229d325-9b1c-49f8-9601-4b44109c0d1f/resourceGroups/rg-2024/providers/Microsoft.Network/virtualNetworks/vnet-2024/subnets/subnet-2024",
            "timeouts": null
          },
          "sensitive_attributes": [],
          "private": "eyJlMmJmYjczMC1lY2FhLTExZTYtOGY4OC0zNDM2M2JjN2M0YzAiOnsiY3JlYXRlIjoxODAwMDAwMDAwMDAwLCJkZWxldGUiOjE4MDAwMDAwMDAwMDAsInJlYWQiOjMwMDAwMDAwMDAwMCwidXBkYXRlIjoxODAwMDAwMDAwMDAwfX0=",
          "dependencies": [
            "module.module_prod.azurerm_app_service.app1",
            "module.module_prod.azurerm_app_service_plan.asp1",
            "module.module_prod.azurerm_app_service_slot.appslot",
            "module.module_prod.azurerm_resource_group.rg1",
            "module.module_prod.azurerm_subnet.example",
            "module.module_prod.azurerm_virtual_network.example"
          ]
        }
      ]
    },
    {
      "module": "module.module_prod",
      "mode": "managed",
      "type": "azurerm_resource_group",
      "name": "rg1",
      "provider": "module.module_prod.provider[\"registry.terraform.io/hashicorp/azurerm\"]",
      "instances": [
        {
          "schema_version": 0,
          "attributes": {
            "id": "/subscriptions/3229d325-9b1c-49f8-9601-4b44109c0d1f/resourceGroups/rg-2024",
            "location": "eastus",
            "managed_by": "",
            "name": "rg-2024",
            "tags": null,
            "timeouts": null
          },
          "sensitive_attributes": [],
          "private": "eyJlMmJmYjczMC1lY2FhLTExZTYtOGY4OC0zNDM2M2JjN2M0YzAiOnsiY3JlYXRlIjo1NDAwMDAwMDAwMDAwLCJkZWxldGUiOjU0MDAwMDAwMDAwMDAsInJlYWQiOjMwMDAwMDAwMDAwMCwidXBkYXRlIjo1NDAwMDAwMDAwMDAwfX0="
        }
      ]
    },
    {
      "module": "module.module_prod",
      "mode": "managed",
      "type": "azurerm_subnet",
      "name": "example",
      "provider": "module.module_prod.provider[\"registry.terraform.io/hashicorp/azurerm\"]",
      "instances": [
        {
          "schema_version": 0,
          "attributes": {
            "address_prefixes": [
              "10.20.1.0/24"
            ],
            "delegation": [
              {
                "name": "AppServiceDelegation",
                "service_delegation": [
                  {
                    "actions": [
                      "Microsoft.Network/virtualNetworks/subnets/action"
                    ],
                    "name": "Microsoft.Web/serverFarms"
                  }
                ]
              }
            ],
            "enforce_private_link_endpoint_network_policies": false,
            "enforce_private_link_service_network_policies": false,
            "id": "/subscriptions/3229d325-9b1c-49f8-9601-4b44109c0d1f/resourceGroups/rg-2024/providers/Microsoft.Network/virtualNetworks/vnet-2024/subnets/subnet-2024",
            "name": "subnet-2024",
            "private_endpoint_network_policies_enabled": true,
            "private_link_service_network_policies_enabled": true,
            "resource_group_name": "rg-2024",
            "service_endpoint_policy_ids": null,
            "service_endpoints": [
              "Microsoft.Web"
            ],
            "timeouts": null,
            "virtual_network_name": "vnet-2024"
          },
          "sensitive_attributes": [],
          "private": "eyJlMmJmYjczMC1lY2FhLTExZTYtOGY4OC0zNDM2M2JjN2M0YzAiOnsiY3JlYXRlIjoxODAwMDAwMDAwMDAwLCJkZWxldGUiOjE4MDAwMDAwMDAwMDAsInJlYWQiOjMwMDAwMDAwMDAwMCwidXBkYXRlIjoxODAwMDAwMDAwMDAwfX0=",
          "dependencies": [
            "module.module_prod.azurerm_resource_group.rg1",
            "module.module_prod.azurerm_virtual_network.example"
          ]
        }
      ]
    },
    {
      "module": "module.module_prod",
      "mode": "managed",
      "type": "azurerm_virtual_network",
      "name": "example",
      "provider": "module.module_prod.provider[\"registry.terraform.io/hashicorp/azurerm\"]",
      "instances": [
        {
          "schema_version": 0,
          "attributes": {
            "address_space": [
              "10.20.0.0/16"
            ],
            "bgp_community": "",
            "ddos_protection_plan": [],
            "dns_servers": [],
            "edge_zone": "",
            "encryption": [],
            "flow_timeout_in_minutes": 0,
            "guid": "8f394ebc-c8a3-4798-a667-ca6cb3aa521b",
            "id": "/subscriptions/3229d325-9b1c-49f8-9601-4b44109c0d1f/resourceGroups/rg-2024/providers/Microsoft.Network/virtualNetworks/vnet-2024",
            "location": "eastus",
            "name": "vnet-2024",
            "resource_group_name": "rg-2024",
            "subnet": [],
            "tags": null,
            "timeouts": null
          },
          "sensitive_attributes": [],
          "private": "eyJlMmJmYjczMC1lY2FhLTExZTYtOGY4OC0zNDM2M2JjN2M0YzAiOnsiY3JlYXRlIjoxODAwMDAwMDAwMDAwLCJkZWxldGUiOjE4MDAwMDAwMDAwMDAsInJlYWQiOjMwMDAwMDAwMDAwMCwidXBkYXRlIjoxODAwMDAwMDAwMDAwfX0=",
          "dependencies": [
            "module.module_prod.azurerm_resource_group.rg1"
          ]
        }
      ]
    }
  ],
  "check_results": null
}
